
Microsoft Visual Studio Solution File, Format Version 12.00
# Visual Studio Version 17
VisualStudioVersion = 17.2.32630.192
MinimumVisualStudioVersion = 10.0.40219.1
Project("{FAE04EC0-301F-11D3-BF4B-00C04F79EFBC}") = "EcommerceApp", "EcommerceApp\EcommerceApp.csproj", "{D89649BB-6EAE-4AF3-B29D-3B6B1F9B6667}"
EndProject
Project("{9A19103F-16F7-4668-BE54-9A1E7A4F7556}") = "ecommerceAPI", "ecommerceAPI\ecommerceAPI.csproj", "{FE467808-54B8-4B62-B132-EA88C13B0537}"
EndProject
Project("{FAE04EC0-301F-11D3-BF4B-00C04F79EFBC}") = "EcommerceModels", "EcommerceModels\EcommerceModels.csproj", "{DD0A703D-B8E5-40A5-81A4-B04631A41296}"
EndProject
Global
	GlobalSection(SolutionConfigurationPlatforms) = preSolution
		Debug|Any CPU = Debug|Any CPU
		Release|Any CPU = Release|Any CPU
	EndGlobalSection
	GlobalSection(ProjectConfigurationPlatforms) = postSolution
		{D89649BB-6EAE-4AF3-B29D-3B6B1F9B6667}.Debug|Any CPU.ActiveCfg = Debug|Any CPU
		{D89649BB-6EAE-4AF3-B29D-3B6B1F9B6667}.Debug|Any CPU.Build.0 = Debug|Any CPU
		{D89649BB-6EAE-4AF3-B29D-3B6B1F9B6667}.Release|Any CPU.ActiveCfg = Release|Any CPU
		{D89649BB-6EAE-4AF3-B29D-3B6B1F9B6667}.Release|Any CPU.Build.0 = Release|Any CPU
		{FE467808-54B8-4B62-B132-EA88C13B0537}.Debug|Any CPU.ActiveCfg = Debug|Any CPU
		{FE467808-54B8-4B62-B132-EA88C13B0537}.Debug|Any CPU.Build.0 = Debug|Any CPU
		{FE467808-54B8-4B62-B132-EA88C13B0537}.Release|Any CPU.ActiveCfg = Release|Any CPU
		{FE467808-54B8-4B62-B132-EA88C13B0537}.Release|Any CPU.Build.0 = Release|Any CPU
		{DD0A703D-B8E5-40A5-81A4-B04631A41296}.Debug|Any CPU.ActiveCfg = Debug|Any CPU
		{DD0A703D-B8E5-40A5-81A4-B04631A41296}.Debug|Any CPU.Build.0 = Debug|Any CPU
		{DD0A703D-B8E5-40A5-81A4-B04631A41296}.Release|Any CPU.ActiveCfg = Release|Any CPU
		{DD0A703D-B8E5-40A5-81A4-B04631A41296}.Release|Any CPU.Build.0 = Release|Any CPU
	EndGlobalSection
	GlobalSection(SolutionProperties) = preSolution
		HideSolutionNode = FALSE
	EndGlobalSection
	GlobalSection(ExtensibilityGlobals) = postSolution
		SolutionGuid = {DF8646A2-8323-42F6-8B9B-9366A02D6154}
	EndGlobalSection
EndGlobal
